PODS:
  - CouchbaseLite-Swift (2.7.0)
  - JobQueue/Core (0.0.29):
    - ReactiveSwift (~> 6.2.0)
  - JobQueue/Queue (0.0.29):
    - JobQueue/Core
    - ReactiveSwift (~> 6.2.0)
  - JobQueue/Storage/CoreData (0.0.29):
    - JobQueue/Core
    - ReactiveSwift (~> 6.2.0)
  - JobQueue/Storage/CouchbaseLite (0.0.29):
    - CouchbaseLite-Swift (~> 2.7.0)
    - JobQueue/Core
    - ReactiveSwift (~> 6.2.0)
  - JobQueue/Storage/InMemory (0.0.29):
    - JobQueue/Core
    - ReactiveSwift (~> 6.2.0)
  - NanoID (1.0.1)
  - Nimble (8.0.5)
  - Quick (2.2.0)
  - ReactiveSwift (6.2.0)

DEPENDENCIES:
  - CouchbaseLite-Swift
  - JobQueue/Queue (from `../`)
  - JobQueue/Storage/CoreData (from `../`)
  - JobQueue/Storage/CouchbaseLite (from `../`)
  - JobQueue/Storage/InMemory (from `../`)
  - NanoID
  - Nimble
  - Quick
  - ReactiveSwift

SPEC REPOS:
  trunk:
    - CouchbaseLite-Swift
    - NanoID
    - Nimble
    - Quick
    - ReactiveSwift

EXTERNAL SOURCES:
  JobQueue:
    :path: "../"

SPEC CHECKSUMS:
  CouchbaseLite-Swift: fc942af766946a7b1efbee2cc9b72ae04ec632e1
  JobQueue: 5dce698eff81f52229084cf4593da9d95b3c500f
  NanoID: fe7ede6a2e918252ec9a779adeb065a2b2522f49
  Nimble: 4ab1aeb9b45553c75b9687196b0fa0713170a332
  Quick: 7fb19e13be07b5dfb3b90d4f9824c855a11af40e
  ReactiveSwift: 3dc8800378110b13d40b46ab362afa9f6bcffc6c

PODFILE CHECKSUM: f2b716f4c9cbc8f6b192e6d2dbf5de84617ea53f

COCOAPODS: 1.8.4
